
Microsoft Visual Studio Solution File, Format Version 11.00
# Visual Studio 2010
Project("{FAE04EC0-301F-11D3-BF4B-00C04F79EFBC}") = "Assembly-CSharp", "Assembly-CSharp.csproj", "{3A45D873-2288-4397-A7D8-C59AD63ADF57}"
EndProject
Project("{FAE04EC0-301F-11D3-BF4B-00C04F79EFBC}") = "Assembly-CSharp-Editor", "Assembly-CSharp-Editor.csproj", "{F55CE5D5-8AFE-77D3-8779-A96F7150D096}"
EndProject
Global
	GlobalSection(SolutionConfigurationPlatforms) = preSolution
		Debug|Any CPU = Debug|Any CPU
		Release|Any CPU = Release|Any CPU
	EndGlobalSection
	GlobalSection(ProjectConfigurationPlatforms) = postSolution
		{3A45D873-2288-4397-A7D8-C59AD63ADF57}.Debug|Any CPU.ActiveCfg = Debug|Any CPU
		{3A45D873-2288-4397-A7D8-C59AD63ADF57}.Debug|Any CPU.Build.0 = Debug|Any CPU
		{3A45D873-2288-4397-A7D8-C59AD63ADF57}.Release|Any CPU.ActiveCfg = Release|Any CPU
		{3A45D873-2288-4397-A7D8-C59AD63ADF57}.Release|Any CPU.Build.0 = Release|Any CPU
		{F55CE5D5-8AFE-77D3-8779-A96F7150D096}.Debug|Any CPU.ActiveCfg = Debug|Any CPU
		{F55CE5D5-8AFE-77D3-8779-A96F7150D096}.Debug|Any CPU.Build.0 = Debug|Any CPU
		{F55CE5D5-8AFE-77D3-8779-A96F7150D096}.Release|Any CPU.ActiveCfg = Release|Any CPU
		{F55CE5D5-8AFE-77D3-8779-A96F7150D096}.Release|Any CPU.Build.0 = Release|Any CPU
	EndGlobalSection
	GlobalSection(SolutionProperties) = preSolution
		HideSolutionNode = FALSE
	EndGlobalSection
EndGlobal
